
Microsoft Visual Studio Solution File, Format Version 12.00
# Visual Studio Version 17
VisualStudioVersion = 17.9.34728.123
MinimumVisualStudioVersion = 10.0.40219.1
Project("{FAE04EC0-301F-11D3-BF4B-00C04F79EFBC}") = "SaltGenerator", "SaltGenerator\SaltGenerator.csproj", "{36A3DFAD-AA61-4324-A03E-3BC688E52DA3}"
EndProject
Global
	GlobalSection(SolutionConfigurationPlatforms) = preSolution
		Debug|Any CPU = Debug|Any CPU
		Release|Any CPU = Release|Any CPU
	EndGlobalSection
	GlobalSection(ProjectConfigurationPlatforms) = postSolution
		{36A3DFAD-AA61-4324-A03E-3BC688E52DA3}.Debug|Any CPU.ActiveCfg = Debug|Any CPU
		{36A3DFAD-AA61-4324-A03E-3BC688E52DA3}.Debug|Any CPU.Build.0 = Debug|Any CPU
		{36A3DFAD-AA61-4324-A03E-3BC688E52DA3}.Release|Any CPU.ActiveCfg = Release|Any CPU
		{36A3DFAD-AA61-4324-A03E-3BC688E52DA3}.Release|Any CPU.Build.0 = Release|Any CPU
	EndGlobalSection
	GlobalSection(SolutionProperties) = preSolution
		HideSolutionNode = FALSE
	EndGlobalSection
	GlobalSection(ExtensibilityGlobals) = postSolution
		SolutionGuid = {7F9CEC0B-D353-47A0-928B-B48EC5E79E44}
	EndGlobalSection
EndGlobal
